
Microsoft Visual Studio Solution File, Format Version 12.00
# Visual Studio Express 2012 for Windows Desktop
Project("{FAE04EC0-301F-11D3-BF4B-00C04F79EFBC}") = "Websites", "Websites\Websites.csproj", "{F4501FB3-E01A-4EB9-8BD9-99A1FE3A919A}"
EndProject
Global
	GlobalSection(SolutionConfigurationPlatforms) = preSolution
		Debug|Any CPU = Debug|Any CPU
		Release|Any CPU = Release|Any CPU
	EndGlobalSection
	GlobalSection(ProjectConfigurationPlatforms) = postSolution
		{F4501FB3-E01A-4EB9-8BD9-99A1FE3A919A}.Debug|Any CPU.ActiveCfg = Debug|Any CPU
		{F4501FB3-E01A-4EB9-8BD9-99A1FE3A919A}.Debug|Any CPU.Build.0 = Debug|Any CPU
		{F4501FB3-E01A-4EB9-8BD9-99A1FE3A919A}.Release|Any CPU.ActiveCfg = Release|Any CPU
		{F4501FB3-E01A-4EB9-8BD9-99A1FE3A919A}.Release|Any CPU.Build.0 = Release|Any CPU
	EndGlobalSection
	GlobalSection(SolutionProperties) = preSolution
		HideSolutionNode = FALSE
	EndGlobalSection
EndGlobal
